
Microsoft Visual Studio Solution File, Format Version 12.00
# Visual Studio 15
VisualStudioVersion = 15.0.27428.2027
MinimumVisualStudioVersion = 10.0.40219.1
Project("{FAE04EC0-301F-11D3-BF4B-00C04F79EFBC}") = "Get_mesh_for_ppmm2", "Get_mesh_for_ppmm2\Get_mesh_for_ppmm2.csproj", "{561DDECB-C984-48F5-BB6E-4EFDD7481EB1}"
EndProject
Global
	GlobalSection(SolutionConfigurationPlatforms) = preSolution
		Debug|Any CPU = Debug|Any CPU
		Release|Any CPU = Release|Any CPU
	EndGlobalSection
	GlobalSection(ProjectConfigurationPlatforms) = postSolution
		{561DDECB-C984-48F5-BB6E-4EFDD7481EB1}.Debug|Any CPU.ActiveCfg = Debug|Any CPU
		{561DDECB-C984-48F5-BB6E-4EFDD7481EB1}.Debug|Any CPU.Build.0 = Debug|Any CPU
		{561DDECB-C984-48F5-BB6E-4EFDD7481EB1}.Release|Any CPU.ActiveCfg = Release|Any CPU
		{561DDECB-C984-48F5-BB6E-4EFDD7481EB1}.Release|Any CPU.Build.0 = Release|Any CPU
	EndGlobalSection
	GlobalSection(SolutionProperties) = preSolution
		HideSolutionNode = FALSE
	EndGlobalSection
	GlobalSection(ExtensibilityGlobals) = postSolution
		SolutionGuid = {4C5CCAEB-2C7C-42DC-96D7-64F9D7C3116B}
	EndGlobalSection
EndGlobal
