
Microsoft Visual Studio Solution File, Format Version 12.00
# Visual Studio 15
VisualStudioVersion = 15.0.27428.2027
MinimumVisualStudioVersion = 10.0.40219.1
Project("{FAE04EC0-301F-11D3-BF4B-00C04F79EFBC}") = "Mapping_Data", "Mapping_Data\Mapping_Data.csproj", "{1023A839-4032-46E4-99B6-9206229D3CCC}"
EndProject
Global
	GlobalSection(SolutionConfigurationPlatforms) = preSolution
		Debug|Any CPU = Debug|Any CPU
		Release|Any CPU = Release|Any CPU
	EndGlobalSection
	GlobalSection(ProjectConfigurationPlatforms) = postSolution
		{1023A839-4032-46E4-99B6-9206229D3CCC}.Debug|Any CPU.ActiveCfg = Debug|Any CPU
		{1023A839-4032-46E4-99B6-9206229D3CCC}.Debug|Any CPU.Build.0 = Debug|Any CPU
		{1023A839-4032-46E4-99B6-9206229D3CCC}.Release|Any CPU.ActiveCfg = Release|Any CPU
		{1023A839-4032-46E4-99B6-9206229D3CCC}.Release|Any CPU.Build.0 = Release|Any CPU
	EndGlobalSection
	GlobalSection(SolutionProperties) = preSolution
		HideSolutionNode = FALSE
	EndGlobalSection
	GlobalSection(ExtensibilityGlobals) = postSolution
		SolutionGuid = {F2546CC0-1FE5-4B89-88BC-4DEF8764501D}
	EndGlobalSection
EndGlobal
