
Microsoft Visual Studio Solution File, Format Version 12.00
# Visual Studio 15
VisualStudioVersion = 15.0.27428.2027
MinimumVisualStudioVersion = 10.0.40219.1
Project("{FAE04EC0-301F-11D3-BF4B-00C04F79EFBC}") = "Mapping_Data2", "Mapping_Data2\Mapping_Data2.csproj", "{D29E88FD-863F-498E-BABB-61DA440CFF3D}"
EndProject
Global
	GlobalSection(SolutionConfigurationPlatforms) = preSolution
		Debug|Any CPU = Debug|Any CPU
		Release|Any CPU = Release|Any CPU
	EndGlobalSection
	GlobalSection(ProjectConfigurationPlatforms) = postSolution
		{D29E88FD-863F-498E-BABB-61DA440CFF3D}.Debug|Any CPU.ActiveCfg = Debug|Any CPU
		{D29E88FD-863F-498E-BABB-61DA440CFF3D}.Debug|Any CPU.Build.0 = Debug|Any CPU
		{D29E88FD-863F-498E-BABB-61DA440CFF3D}.Release|Any CPU.ActiveCfg = Release|Any CPU
		{D29E88FD-863F-498E-BABB-61DA440CFF3D}.Release|Any CPU.Build.0 = Release|Any CPU
	EndGlobalSection
	GlobalSection(SolutionProperties) = preSolution
		HideSolutionNode = FALSE
	EndGlobalSection
	GlobalSection(ExtensibilityGlobals) = postSolution
		SolutionGuid = {ADDD293F-A342-448F-8A03-BDEB9C8DA50C}
	EndGlobalSection
EndGlobal
